
Microsoft Visual Studio Solution File, Format Version 12.00
# Visual Studio 2013
VisualStudioVersion = 12.0.40629.0
MinimumVisualStudioVersion = 10.0.40219.1
Project("{FAE04EC0-301F-11D3-BF4B-00C04F79EFBC}") = "PerformanceCUDAfy", "PerformanceCUDAfy\PerformanceCUDAfy.csproj", "{66A07E42-FB56-49B9-B52E-21455039BE2B}"
EndProject
Project("{F2A71F9B-5D33-465A-A702-920D77279786}") = "PerformanceAleaFS", "PerformanceAleaFS\PerformanceAleaFS.fsproj", "{017167D3-52BA-4C28-AEB7-E564D4DD2BFC}"
EndProject
Project("{FAE04EC0-301F-11D3-BF4B-00C04F79EFBC}") = "PerformanceAleaCS", "PerformanceAleaCS\PerformanceAleaCS.csproj", "{7E05B6CA-4F4D-46FA-A353-192A656641A6}"
EndProject
Global
	GlobalSection(SolutionConfigurationPlatforms) = preSolution
		Debug|Any CPU = Debug|Any CPU
		Release|Any CPU = Release|Any CPU
	EndGlobalSection
	GlobalSection(ProjectConfigurationPlatforms) = postSolution
		{66A07E42-FB56-49B9-B52E-21455039BE2B}.Debug|Any CPU.ActiveCfg = Debug|Any CPU
		{66A07E42-FB56-49B9-B52E-21455039BE2B}.Debug|Any CPU.Build.0 = Debug|Any CPU
		{66A07E42-FB56-49B9-B52E-21455039BE2B}.Release|Any CPU.ActiveCfg = Release|Any CPU
		{66A07E42-FB56-49B9-B52E-21455039BE2B}.Release|Any CPU.Build.0 = Release|Any CPU
		{017167D3-52BA-4C28-AEB7-E564D4DD2BFC}.Debug|Any CPU.ActiveCfg = Debug|Any CPU
		{017167D3-52BA-4C28-AEB7-E564D4DD2BFC}.Debug|Any CPU.Build.0 = Debug|Any CPU
		{017167D3-52BA-4C28-AEB7-E564D4DD2BFC}.Release|Any CPU.ActiveCfg = Release|Any CPU
		{017167D3-52BA-4C28-AEB7-E564D4DD2BFC}.Release|Any CPU.Build.0 = Release|Any CPU
		{7E05B6CA-4F4D-46FA-A353-192A656641A6}.Debug|Any CPU.ActiveCfg = Debug|Any CPU
		{7E05B6CA-4F4D-46FA-A353-192A656641A6}.Debug|Any CPU.Build.0 = Debug|Any CPU
		{7E05B6CA-4F4D-46FA-A353-192A656641A6}.Release|Any CPU.ActiveCfg = Release|Any CPU
		{7E05B6CA-4F4D-46FA-A353-192A656641A6}.Release|Any CPU.Build.0 = Release|Any CPU
	EndGlobalSection
	GlobalSection(SolutionProperties) = preSolution
		HideSolutionNode = FALSE
	EndGlobalSection
EndGlobal
